// !$*UTF8*$!
{
	archiveVersion = 1;
	classes = {
	};
	objectVersion = 50;
	objects = {

/* Begin PBXBuildFile section */
		41399607227EADF200751868 /* AppDelegate.swift in Sources */ = {isa = PBXBuildFile; fileRef = 41399606227EADF200751868 /* AppDelegate.swift */; };
		41399609227EADF200751868 /* ViewController.swift in Sources */ = {isa = PBXBuildFile; fileRef = 41399608227EADF200751868 /* ViewController.swift */; };
		4139960C227EADF200751868 /* Main.storyboard in Resources */ = {isa = PBXBuildFile; fileRef = 4139960A227EADF200751868 /* Main.storyboard */; };
		4139960E227EADF300751868 /* Assets.xcassets in Resources */ = {isa = PBXBuildFile; fileRef = 4139960D227EADF300751868 /* Assets.xcassets */; };
		41399611227EADF300751868 /* LaunchScreen.storyboard in Resources */ = {isa = PBXBuildFile; fileRef = 4139960F227EADF300751868 /* LaunchScreen.storyboard */; };
		4139961C227EAE2F00751868 /* SwiftQRScanView.swift in Sources */ = {isa = PBXBuildFile; fileRef = 41399619227EAE2F00751868 /* SwiftQRScanView.swift */; };
		4139961D227EAE2F00751868 /* SwiftQRUtils.swift in Sources */ = {isa = PBXBuildFile; fileRef = 4139961A227EAE2F00751868 /* SwiftQRUtils.swift */; };
		4139961E227EAE2F00751868 /* SwiftQRScanController.swift in Sources */ = {isa = PBXBuildFile; fileRef = 4139961B227EAE2F00751868 /* SwiftQRScanController.swift */; };
		41399620227EAF8900751868 /* ScanViewWithBack.swift in Sources */ = {isa = PBXBuildFile; fileRef = 4139961F227EAF8900751868 /* ScanViewWithBack.swift */; };
/* End PBXBuildFile section */

/* Begin PBXFileReference section */
		41399603227EADF200751868 /* SwiftQRTools.app */ = {isa = PBXFileReference; explicitFileType = wrapper.application; includeInIndex = 0; path = SwiftQRTools.app; sourceTree = BUILT_PRODUCTS_DIR; };
		41399606227EADF200751868 /* AppDelegate.swift */ = {isa = PBXFileReference; lastKnownFileType = sourcecode.swift; path = AppDelegate.swift; sourceTree = "<group>"; };
		41399608227EADF200751868 /* ViewController.swift */ = {isa = PBXFileReference; lastKnownFileType = sourcecode.swift; path = ViewController.swift; sourceTree = "<group>"; };
		4139960B227EADF200751868 /* Base */ = {isa = PBXFileReference; lastKnownFileType = file.storyboard; name = Base; path = Base.lproj/Main.storyboard; sourceTree = "<group>"; };
		4139960D227EADF300751868 /* Assets.xcassets */ = {isa = PBXFileReference; lastKnownFileType = folder.assetcatalog; path = Assets.xcassets; sourceTree = "<group>"; };
		41399610227EADF300751868 /* Base */ = {isa = PBXFileReference; lastKnownFileType = file.storyboard; name = Base; path = Base.lproj/LaunchScreen.storyboard; sourceTree = "<group>"; };
		41399612227EADF300751868 /* Info.plist */ = {isa = PBXFileReference; lastKnownFileType = text.plist.xml; path = Info.plist; sourceTree = "<group>"; };
		41399619227EAE2F00751868 /* SwiftQRScanView.swift */ = {isa = PBXFileReference; fileEncoding = 4; lastKnownFileType = sourcecode.swift; path = SwiftQRScanView.swift; sourceTree = "<group>"; };
		4139961A227EAE2F00751868 /* SwiftQRUtils.swift */ = {isa = PBXFileReference; fileEncoding = 4; lastKnownFileType = sourcecode.swift; path = SwiftQRUtils.swift; sourceTree = "<group>"; };
		4139961B227EAE2F00751868 /* SwiftQRScanController.swift */ = {isa = PBXFileReference; fileEncoding = 4; lastKnownFileType = sourcecode.swift; path = SwiftQRScanController.swift; sourceTree = "<group>"; };
		4139961F227EAF8900751868 /* ScanViewWithBack.swift */ = {isa = PBXFileReference; lastKnownFileType = sourcecode.swift; path = ScanViewWithBack.swift; sourceTree = "<group>"; };
/* End PBXFileReference section */

/* Begin PBXFrameworksBuildPhase section */
		41399600227EADF200751868 /* Frameworks */ = {
			isa = PBXFrameworksBuildPhase;
			buildActionMask = 2147483647;
			files = (
			);
			runOnlyForDeploymentPostprocessing = 0;
		};
/* End PBXFrameworksBuildPhase section */

/* Begin PBXGroup section */
		413995FA227EADF200751868 = {
			isa = PBXGroup;
			children = (
				41399605227EADF200751868 /* SwiftQRTools */,
				41399604227EADF200751868 /* Products */,
			);
			sourceTree = "<group>";
		};
		41399604227EADF200751868 /* Products */ = {
			isa = PBXGroup;
			children = (
				41399603227EADF200751868 /* SwiftQRTools.app */,
			);
			name = Products;
			sourceTree = "<group>";
		};
		41399605227EADF200751868 /* SwiftQRTools */ = {
			isa = PBXGroup;
			children = (
				41399618227EAE2F00751868 /* SwiftQRTools */,
				41399606227EADF200751868 /* AppDelegate.swift */,
				41399608227EADF200751868 /* ViewController.swift */,
				4139960A227EADF200751868 /* Main.storyboard */,
				4139960D227EADF300751868 /* Assets.xcassets */,
				4139960F227EADF300751868 /* LaunchScreen.storyboard */,
				41399612227EADF300751868 /* Info.plist */,
				4139961F227EAF8900751868 /* ScanViewWithBack.swift */,
			);
			path = SwiftQRTools;
			sourceTree = "<group>";
		};
		41399618227EAE2F00751868 /* SwiftQRTools */ = {
			isa = PBXGroup;
			children = (
				41399619227EAE2F00751868 /* SwiftQRScanView.swift */,
				4139961A227EAE2F00751868 /* SwiftQRUtils.swift */,
				4139961B227EAE2F00751868 /* SwiftQRScanController.swift */,
			);
			path = SwiftQRTools;
			sourceTree = "<group>";
		};
/* End PBXGroup section */

/* Begin PBXNativeTarget section */
		41399602227EADF200751868 /* SwiftQRTools */ = {
			isa = PBXNativeTarget;
			buildConfigurationList = 41399615227EADF300751868 /* Build configuration list for PBXNativeTarget "SwiftQRTools" */;
			buildPhases = (
				413995FF227EADF200751868 /* Sources */,
				41399600227EADF200751868 /* Frameworks */,
				41399601227EADF200751868 /* Resources */,
			);
			buildRules = (
			);
			dependencies = (
			);
			name = SwiftQRTools;
			productName = SwiftQRTools;
			productReference = 41399603227EADF200751868 /* SwiftQRTools.app */;
			productType = "com.apple.product-type.application";
		};
/* End PBXNativeTarget section */

/* Begin PBXProject section */
		413995FB227EADF200751868 /* Project object */ = {
			isa = PBXProject;
			attributes = {
				LastSwiftUpdateCheck = 1020;
				LastUpgradeCheck = 1020;
				ORGANIZATIONNAME = ArcherLj;
				TargetAttributes = {
					41399602227EADF200751868 = {
						CreatedOnToolsVersion = 10.2;
					};
				};
			};
			buildConfigurationList = 413995FE227EADF200751868 /* Build configuration list for PBXProject "SwiftQRTools" */;
			compatibilityVersion = "Xcode 9.3";
			developmentRegion = en;
			hasScannedForEncodings = 0;
			knownRegions = (
				en,
				Base,
			);
			mainGroup = 413995FA227EADF200751868;
			productRefGroup = 41399604227EADF200751868 /* Products */;
			projectDirPath = "";
			projectRoot = "";
			targets = (
				41399602227EADF200751868 /* SwiftQRTools */,
			);
		};
/* End PBXProject section */

/* Begin PBXResourcesBuildPhase section */
		41399601227EADF200751868 /* Resources */ = {
			isa = PBXResourcesBuildPhase;
			buildActionMask = 2147483647;
			files = (
				41399611227EADF300751868 /* LaunchScreen.storyboard in Resources */,
				4139960E227EADF300751868 /* Assets.xcassets in Resources */,
				4139960C227EADF200751868 /* Main.storyboard in Resources */,
			);
			runOnlyForDeploymentPostprocessing = 0;
		};
/* End PBXResourcesBuildPhase section */

/* Begin PBXSourcesBuildPhase section */
		413995FF227EADF200751868 /* Sources */ = {
			isa = PBXSourcesBuildPhase;
			buildActionMask = 2147483647;
			files = (
				4139961E227EAE2F00751868 /* SwiftQRScanController.swift in Sources */,
				4139961D227EAE2F00751868 /* SwiftQRUtils.swift in Sources */,
				4139961C227EAE2F00751868 /* SwiftQRScanView.swift in Sources */,
				41399609227EADF200751868 /* ViewController.swift in Sources */,
				41399620227EAF8900751868 /* ScanViewWithBack.swift in Sources */,
				41399607227EADF200751868 /* AppDelegate.swift in Sources */,
			);
			runOnlyForDeploymentPostprocessing = 0;
		};
/* End PBXSourcesBuildPhase section */

/* Begin PBXVariantGroup section */
		4139960A227EADF200751868 /* Main.storyboard */ = {
			isa = PBXVariantGroup;
			children = (
				4139960B227EADF200751868 /* Base */,
			);
			name = Main.storyboard;
			sourceTree = "<group>";
		};
		4139960F227EADF300751868 /* LaunchScreen.storyboard */ = {
			isa = PBXVariantGroup;
			children = (
				41399610227EADF300751868 /* Base */,
			);
			name = LaunchScreen.storyboard;
			sourceTree = "<group>";
		};
/* End PBXVariantGroup section */

/* Begin XCBuildConfiguration section */
		41399613227EADF300751868 /* Debug */ = {
			isa = XCBuildConfiguration;
			buildSettings = {
				ALWAYS_SEARCH_USER_PATHS = NO;
				CLANG_ANALYZER_NONNULL = YES;
				CLANG_ANALYZER_NUMBER_OBJECT_CONVERSION = YES_AGGRESSIVE;
				CLANG_CXX_LANGUAGE_STANDARD = "gnu++14";
				CLANG_CXX_LIBRARY = "libc++";
				CLANG_ENABLE_MODULES = YES;
				CLANG_ENABLE_OBJC_ARC = YES;
				CLANG_ENABLE_OBJC_WEAK = YES;
				CLANG_WARN_BLOCK_CAPTURE_AUTORELEASING = YES;
				CLANG_WARN_BOOL_CONVERSION = YES;
				CLANG_WARN_COMMA = YES;
				CLANG_WARN_CONSTANT_CONVERSION = YES;
				CLANG_WARN_DEPRECATED_OBJC_IMPLEMENTATIONS = YES;
				CLANG_WARN_DIRECT_OBJC_ISA_USAGE = YES_ERROR;
				CLANG_WARN_DOCUMENTATION_COMMENTS = YES;
				CLANG_WARN_EMPTY_BODY = YES;
				CLANG_WARN_ENUM_CONVERSION = YES;
				CLANG_WARN_INFINITE_RECURSION = YES;
				CLANG_WARN_INT_CONVERSION = YES;
				CLANG_WARN_NON_LITERAL_NULL_CONVERSION = YES;
				CLANG_WARN_OBJC_IMPLICIT_RETAIN_SELF = YES;
				CLANG_WARN_OBJC_LITERAL_CONVERSION = YES;
				CLANG_WARN_OBJC_ROOT_CLASS = YES_ERROR;
				CLANG_WARN_RANGE_LOOP_ANALYSIS = YES;
				CLANG_WARN_STRICT_PROTOTYPES = YES;
				CLANG_WARN_SUSPICIOUS_MOVE = YES;
				CLANG_WARN_UNGUARDED_AVAILABILITY = YES_AGGRESSIVE;
				CLANG_WARN_UNREACHABLE_CODE = YES;
				CLANG_WARN__DUPLICATE_METHOD_MATCH = YES;
				CODE_SIGN_IDENTITY = "iPhone Developer";
				COPY_PHASE_STRIP = NO;
				DEBUG_INFORMATION_FORMAT = dwarf;
				ENABLE_STRICT_OBJC_MSGSEND = YES;
				ENABLE_TESTABILITY = YES;
				GCC_C_LANGUAGE_STANDARD = gnu11;
				GCC_DYNAMIC_NO_PIC = NO;
				GCC_NO_COMMON_BLOCKS = YES;
				GCC_OPTIMIZATION_LEVEL = 0;
				GCC_PREPROCESSOR_DEFINITIONS = (
					"DEBUG=1",
					"$(inherited)",
				);
				GCC_WARN_64_TO_32_BIT_CONVERSION = YES;
				GCC_WARN_ABOUT_RETURN_TYPE = YES_ERROR;
				GCC_WARN_UNDECLARED_SELECTOR = YES;
				GCC_WARN_UNINITIALIZED_AUTOS = YES_AGGRESSIVE;
				GCC_WARN_UNUSED_FUNCTION = YES;
				GCC_WARN_UNUSED_VARIABLE = YES;
				IPHONEOS_DEPLOYMENT_TARGET = 12.2;
				MTL_ENABLE_DEBUG_INFO = INCLUDE_SOURCE;
				MTL_FAST_MATH = YES;
				ONLY_ACTIVE_ARCH = YES;
				SDKROOT = iphoneos;
				SWIFT_ACTIVE_COMPILATION_CONDITIONS = DEBUG;
				SWIFT_OPTIMIZATION_LEVEL = "-Onone";
			};
			name = Debug;
		};
		41399614227EADF300751868 /* Release */ = {
			isa = XCBuildConfiguration;
			buildSettings = {
				ALWAYS_SEARCH_USER_PATHS = NO;
				CLANG_ANALYZER_NONNULL = YES;
				CLANG_ANALYZER_NUMBER_OBJECT_CONVERSION = YES_AGGRESSIVE;
				CLANG_CXX_LANGUAGE_STANDARD = "gnu++14";
				CLANG_CXX_LIBRARY = "libc++";
				CLANG_ENABLE_MODULES = YES;
				CLANG_ENABLE_OBJC_ARC = YES;
				CLANG_ENABLE_OBJC_WEAK = YES;
				CLANG_WARN_BLOCK_CAPTURE_AUTORELEASING = YES;
				CLANG_WARN_BOOL_CONVERSION = YES;
				CLANG_WARN_COMMA = YES;
				CLANG_WARN_CONSTANT_CONVERSION = YES;
				CLANG_WARN_DEPRECATED_OBJC_IMPLEMENTATIONS = YES;
				CLANG_WARN_DIRECT_OBJC_ISA_USAGE = YES_ERROR;
				CLANG_WARN_DOCUMENTATION_COMMENTS = YES;
				CLANG_WARN_EMPTY_BODY = YES;
				CLANG_WARN_ENUM_CONVERSION = YES;
				CLANG_WARN_INFINITE_RECURSION = YES;
				CLANG_WARN_INT_CONVERSION = YES;
				CLANG_WARN_NON_LITERAL_NULL_CONVERSION = YES;
				CLANG_WARN_OBJC_IMPLICIT_RETAIN_SELF = YES;
				CLANG_WARN_OBJC_LITERAL_CONVERSION = YES;
				CLANG_WARN_OBJC_ROOT_CLASS = YES_ERROR;
				CLANG_WARN_RANGE_LOOP_ANALYSIS = YES;
				CLANG_WARN_STRICT_PROTOTYPES = YES;
				CLANG_WARN_SUSPICIOUS_MOVE = YES;
				CLANG_WARN_UNGUARDED_AVAILABILITY = YES_AGGRESSIVE;
				CLANG_WARN_UNREACHABLE_CODE = YES;
				CLANG_WARN__DUPLICATE_METHOD_MATCH = YES;
				CODE_SIGN_IDENTITY = "iPhone Developer";
				COPY_PHASE_STRIP = NO;
				DEBUG_INFORMATION_FORMAT = "dwarf-with-dsym";
				ENABLE_NS_ASSERTIONS = NO;
				ENABLE_STRICT_OBJC_MSGSEND = YES;
				GCC_C_LANGUAGE_STANDARD = gnu11;
				GCC_NO_COMMON_BLOCKS = YES;
				GCC_WARN_64_TO_32_BIT_CONVERSION = YES;
				GCC_WARN_ABOUT_RETURN_TYPE = YES_ERROR;
				GCC_WARN_UNDECLARED_SELECTOR = YES;
				GCC_WARN_UNINITIALIZED_AUTOS = YES_AGGRESSIVE;
				GCC_WARN_UNUSED_FUNCTION = YES;
				GCC_WARN_UNUSED_VARIABLE = YES;
				IPHONEOS_DEPLOYMENT_TARGET = 12.2;
				MTL_ENABLE_DEBUG_INFO = NO;
				MTL_FAST_MATH = YES;
				SDKROOT = iphoneos;
				SWIFT_COMPILATION_MODE = wholemodule;
				SWIFT_OPTIMIZATION_LEVEL = "-O";
				VALIDATE_PRODUCT = YES;
			};
			name = Release;
		};
		41399616227EADF300751868 /* Debug */ = {
			isa = XCBuildConfiguration;
			buildSettings = {
				ASSETCATALOG_COMPILER_APPICON_NAME = AppIcon;
				CODE_SIGN_STYLE = Automatic;
				DEVELOPMENT_TEAM = U272S7D2C9;
				INFOPLIST_FILE = SwiftQRTools/Info.plist;
				IPHONEOS_DEPLOYMENT_TARGET = 10.0;
				LD_RUNPATH_SEARCH_PATHS = (
					"$(inherited)",
					"@executable_path/Frameworks",
				);
				PRODUCT_BUNDLE_IDENTIFIER = com.techsun.zhonghua.SwiftQRTools;
				PRODUCT_NAME = "$(TARGET_NAME)";
				SWIFT_VERSION = 5.0;
				TARGETED_DEVICE_FAMILY = "1,2";
			};
			name = Debug;
		};
		41399617227EADF300751868 /* Release */ = {
			isa = XCBuildConfiguration;
			buildSettings = {
				ASSETCATALOG_COMPILER_APPICON_NAME = AppIcon;
				CODE_SIGN_STYLE = Automatic;
				DEVELOPMENT_TEAM = U272S7D2C9;
				INFOPLIST_FILE = SwiftQRTools/Info.plist;
				IPHONEOS_DEPLOYMENT_TARGET = 10.0;
				LD_RUNPATH_SEARCH_PATHS = (
					"$(inherited)",
					"@executable_path/Frameworks",
				);
				PRODUCT_BUNDLE_IDENTIFIER = com.techsun.zhonghua.SwiftQRTools;
				PRODUCT_NAME = "$(TARGET_NAME)";
				SWIFT_VERSION = 5.0;
				TARGETED_DEVICE_FAMILY = "1,2";
			};
			name = Release;
		};
/* End XCBuildConfiguration section */

/* Begin XCConfigurationList section */
		413995FE227EADF200751868 /* Build configuration list for PBXProject "SwiftQRTools" */ = {
			isa = XCConfigurationList;
			buildConfigurations = (
				41399613227EADF300751868 /* Debug */,
				41399614227EADF300751868 /* Release */,
			);
			defaultConfigurationIsVisible = 0;
			defaultConfigurationName = Release;
		};
		41399615227EADF300751868 /* Build configuration list for PBXNativeTarget "SwiftQRTools" */ = {
			isa = XCConfigurationList;
			buildConfigurations = (
				41399616227EADF300751868 /* Debug */,
				41399617227EADF300751868 /* Release */,
			);
			defaultConfigurationIsVisible = 0;
			defaultConfigurationName = Release;
		};
/* End XCConfigurationList section */
	};
	rootObject = 413995FB227EADF200751868 /* Project object */;
}
